# This file is automatically @generated by Cargo.
# It is not intended for manual editing.
version = 4

[[package]]
name = "zelyra-ast"
version = "0.1.0"

[[package]]
name = "zelyra-cli"
version = "0.1.0"
dependencies = [
 "zelyra-ast",
 "zelyra-lexer",
 "zelyra-parser",
 "zelyra-runtime",
]

[[package]]
name = "zelyra-lexer"
version = "0.1.0"
dependencies = [
 "zelyra-ast",
]

[[package]]
name = "zelyra-parser"
version = "0.1.0"
dependencies = [
 "zelyra-ast",
 "zelyra-lexer",
]

[[package]]
name = "zelyra-runtime"
version = "0.1.0"
dependencies = [
 "zelyra-ast",
 "zelyra-lexer",
 "zelyra-parser",
]
